
Microsoft Visual Studio Solution File, Format Version 12.00
# Visual Studio Version 17
VisualStudioVersion = 17.13.35825.156 d17.13
MinimumVisualStudioVersion = 10.0.40219.1
Project("{2150E333-8FDC-42A3-9474-1A3956D46DE8}") = "src", "src", "{CE46426D-2B81-479B-87F1-356E6FABB9EA}"
EndProject
Project("{2150E333-8FDC-42A3-9474-1A3956D46DE8}") = "test", "test", "{450166BB-03B9-483D-A17D-E15F85FB4925}"
EndProject
Project("{2150E333-8FDC-42A3-9474-1A3956D46DE8}") = "Solution Items", "Solution Items", "{6B4229A3-016F-412F-A8EE-E889D987A2B0}"
	ProjectSection(SolutionItems) = preProject
		compose.yaml = compose.yaml
	EndProjectSection
EndProject
Project("{FAE04EC0-301F-11D3-BF4B-00C04F79EFBC}") = "Domain", "Domain\Domain.csproj", "{0A8758A6-C011-479F-95FA-E11D713FA49E}"
EndProject
Project("{FAE04EC0-301F-11D3-BF4B-00C04F79EFBC}") = "Inventory.Test", "Inventory.Test\Inventory.Test.csproj", "{400119F2-7B9B-4693-9DC4-6E2AE2004D01}"
EndProject
Project("{FAE04EC0-301F-11D3-BF4B-00C04F79EFBC}") = "Application", "Application\Application.csproj", "{761F0676-C5F1-4CC1-AA5E-14F5C314D6AD}"
EndProject
Project("{FAE04EC0-301F-11D3-BF4B-00C04F79EFBC}") = "Infrastructure", "Infrastructure\Infrastructure.csproj", "{787C963B-75C4-4138-9EA0-4B7896F4BDA1}"
EndProject
Project("{FAE04EC0-301F-11D3-BF4B-00C04F79EFBC}") = "Inventory.API", "Inventory.API\Inventory.API.csproj", "{DEF7C48B-61FE-4447-AB0D-E259B5DD6857}"
EndProject
Project("{00D1A9C2-B5F0-4AF3-8072-F6C62B433612}") = "Inventory.Database", "Inventory.Database\Inventory.Database.sqlproj", "{3923E867-7612-4A30-A0B9-DA88C1D19540}"
EndProject
Project("{FAE04EC0-301F-11D3-BF4B-00C04F79EFBC}") = "OutboxProcessor", "OutboxProcessor\OutboxProcessor.csproj", "{45B90F74-EA4C-48ED-9F5B-90541352C00B}"
EndProject
Global
	GlobalSection(SolutionConfigurationPlatforms) = preSolution
		Debug|Any CPU = Debug|Any CPU
		Release|Any CPU = Release|Any CPU
	EndGlobalSection
	GlobalSection(ProjectConfigurationPlatforms) = postSolution
		{0A8758A6-C011-479F-95FA-E11D713FA49E}.Debug|Any CPU.ActiveCfg = Debug|Any CPU
		{0A8758A6-C011-479F-95FA-E11D713FA49E}.Debug|Any CPU.Build.0 = Debug|Any CPU
		{0A8758A6-C011-479F-95FA-E11D713FA49E}.Release|Any CPU.ActiveCfg = Release|Any CPU
		{0A8758A6-C011-479F-95FA-E11D713FA49E}.Release|Any CPU.Build.0 = Release|Any CPU
		{400119F2-7B9B-4693-9DC4-6E2AE2004D01}.Debug|Any CPU.ActiveCfg = Debug|Any CPU
		{400119F2-7B9B-4693-9DC4-6E2AE2004D01}.Debug|Any CPU.Build.0 = Debug|Any CPU
		{400119F2-7B9B-4693-9DC4-6E2AE2004D01}.Release|Any CPU.ActiveCfg = Release|Any CPU
		{400119F2-7B9B-4693-9DC4-6E2AE2004D01}.Release|Any CPU.Build.0 = Release|Any CPU
		{761F0676-C5F1-4CC1-AA5E-14F5C314D6AD}.Debug|Any CPU.ActiveCfg = Debug|Any CPU
		{761F0676-C5F1-4CC1-AA5E-14F5C314D6AD}.Debug|Any CPU.Build.0 = Debug|Any CPU
		{761F0676-C5F1-4CC1-AA5E-14F5C314D6AD}.Release|Any CPU.ActiveCfg = Release|Any CPU
		{761F0676-C5F1-4CC1-AA5E-14F5C314D6AD}.Release|Any CPU.Build.0 = Release|Any CPU
		{787C963B-75C4-4138-9EA0-4B7896F4BDA1}.Debug|Any CPU.ActiveCfg = Debug|Any CPU
		{787C963B-75C4-4138-9EA0-4B7896F4BDA1}.Debug|Any CPU.Build.0 = Debug|Any CPU
		{787C963B-75C4-4138-9EA0-4B7896F4BDA1}.Release|Any CPU.ActiveCfg = Release|Any CPU
		{787C963B-75C4-4138-9EA0-4B7896F4BDA1}.Release|Any CPU.Build.0 = Release|Any CPU
		{DEF7C48B-61FE-4447-AB0D-E259B5DD6857}.Debug|Any CPU.ActiveCfg = Debug|Any CPU
		{DEF7C48B-61FE-4447-AB0D-E259B5DD6857}.Debug|Any CPU.Build.0 = Debug|Any CPU
		{DEF7C48B-61FE-4447-AB0D-E259B5DD6857}.Release|Any CPU.ActiveCfg = Release|Any CPU
		{DEF7C48B-61FE-4447-AB0D-E259B5DD6857}.Release|Any CPU.Build.0 = Release|Any CPU
		{3923E867-7612-4A30-A0B9-DA88C1D19540}.Debug|Any CPU.ActiveCfg = Debug|Any CPU
		{3923E867-7612-4A30-A0B9-DA88C1D19540}.Debug|Any CPU.Build.0 = Debug|Any CPU
		{3923E867-7612-4A30-A0B9-DA88C1D19540}.Debug|Any CPU.Deploy.0 = Debug|Any CPU
		{3923E867-7612-4A30-A0B9-DA88C1D19540}.Release|Any CPU.ActiveCfg = Release|Any CPU
		{3923E867-7612-4A30-A0B9-DA88C1D19540}.Release|Any CPU.Build.0 = Release|Any CPU
		{3923E867-7612-4A30-A0B9-DA88C1D19540}.Release|Any CPU.Deploy.0 = Release|Any CPU
		{45B90F74-EA4C-48ED-9F5B-90541352C00B}.Debug|Any CPU.ActiveCfg = Debug|Any CPU
		{45B90F74-EA4C-48ED-9F5B-90541352C00B}.Debug|Any CPU.Build.0 = Debug|Any CPU
		{45B90F74-EA4C-48ED-9F5B-90541352C00B}.Release|Any CPU.ActiveCfg = Release|Any CPU
		{45B90F74-EA4C-48ED-9F5B-90541352C00B}.Release|Any CPU.Build.0 = Release|Any CPU
	EndGlobalSection
	GlobalSection(SolutionProperties) = preSolution
		HideSolutionNode = FALSE
	EndGlobalSection
	GlobalSection(NestedProjects) = preSolution
		{0A8758A6-C011-479F-95FA-E11D713FA49E} = {CE46426D-2B81-479B-87F1-356E6FABB9EA}
		{400119F2-7B9B-4693-9DC4-6E2AE2004D01} = {450166BB-03B9-483D-A17D-E15F85FB4925}
		{761F0676-C5F1-4CC1-AA5E-14F5C314D6AD} = {CE46426D-2B81-479B-87F1-356E6FABB9EA}
		{787C963B-75C4-4138-9EA0-4B7896F4BDA1} = {CE46426D-2B81-479B-87F1-356E6FABB9EA}
		{DEF7C48B-61FE-4447-AB0D-E259B5DD6857} = {CE46426D-2B81-479B-87F1-356E6FABB9EA}
		{3923E867-7612-4A30-A0B9-DA88C1D19540} = {CE46426D-2B81-479B-87F1-356E6FABB9EA}
		{45B90F74-EA4C-48ED-9F5B-90541352C00B} = {CE46426D-2B81-479B-87F1-356E6FABB9EA}
	EndGlobalSection
	GlobalSection(ExtensibilityGlobals) = postSolution
		SolutionGuid = {4401AB02-4F80-4B42-ADFE-3FFAB257D098}
	EndGlobalSection
EndGlobal
